{
  "name": "tesyauiselib",
  "version": "1.0.0",
  "lockfileVersion": 3,
  "requires": true,
  "packages": {
    "": {
      "name": "tesyauiselib",
      "version": "1.0.0",
      "license": "ISC",
      "dependencies": {
        "@uocdev/yauiselib": "file:~/Yauiselib"
      }
    },
    "..": {
      "name": "@uocdev/yauiselib",
      "version": "1.0.0",
      "license": "MIT",
      "devDependencies": {
        "@types/node": "^20.11.0",
        "typescript": "^5.3.3"
      },
      "engines": {
        "node": ">=18"
      }
    },
    "node_modules/@uocdev/yauiselib": {
      "resolved": "..",
      "link": true
    }
  }
}
